{
  "name": "@tiana/node-sqlite",
  "version": "0.1.0-dev.0",
  "lockfileVersion": 3,
  "requires": true,
  "packages": {
    "": {
      "name": "@tiana/node-sqlite",
      "version": "0.1.0-dev.0",
      "license": "Apache-2.0",
      "dependencies": {
        "@tiana/node": "git+https://github.com/tianacloud/sdk-node.git#beb05888c733e590d3dc40f1c3f070b703ca10dd",
        "lossless-json": "4.3.0"
      },
      "devDependencies": {
        "@types/node": "22.19.13",
        "typescript": "5.9.3"
      },
      "engines": {
        "node": ">=22"
      }
    },
    "node_modules/@tiana/node": {
      "version": "0.1.0-dev.0",
      "resolved": "git+https://github.com/tianacloud/sdk-node.git#beb05888c733e590d3dc40f1c3f070b703ca10dd",
      "integrity": "sha512-JT8xah244RZnSPjpxpT4QC5jyFzcFl3KXJjPlYckU46jbSYWesvSJQjvWtIyqYSbuBk2LlK9lknKYfvmeeR22Q==",
      "license": "Apache-2.0",
      "engines": {
        "node": ">=22"
      }
    },
    "node_modules/@types/node": {
      "version": "22.19.13",
      "resolved": "https://registry.npmmirror.com/@types/node/-/node-22.19.13.tgz",
      "integrity": "sha512-akNQMv0wW5uyRpD2v2IEyRSZiR+BeGuoB6L310EgGObO44HSMNT8z1xzio28V8qOrgYaopIDNA18YgdXd+qTiw==",
      "dev": true,
      "license": "MIT",
      "dependencies": {
        "undici-types": "~6.21.0"
      }
    },
    "node_modules/lossless-json": {
      "version": "4.3.0",
      "resolved": "https://registry.npmmirror.com/lossless-json/-/lossless-json-4.3.0.tgz",
      "integrity": "sha512-ToxOC+SsduRmdSuoLZLYAr5zy1Qu7l5XhmPWM3zefCZ5IcrzW/h108qbJUKfOlDlhvhjUK84+8PSVX0kxnit0g==",
      "license": "MIT"
    },
    "node_modules/typescript": {
      "version": "5.9.3",
      "resolved": "https://registry.npmmirror.com/typescript/-/typescript-5.9.3.tgz",
      "integrity": "sha512-jl1vZzPDinLr9eUt3J/t7V6FgNEw9QjvBPdysz9KfQDD41fQrC2Y4vKQdiaUpFT4bXlb1RHhLpp8wtm6M5TgSw==",
      "dev": true,
      "license": "Apache-2.0",
      "bin": {
        "tsc": "bin/tsc",
        "tsserver": "bin/tsserver"
      },
      "engines": {
        "node": ">=14.17"
      }
    },
    "node_modules/undici-types": {
      "version": "6.21.0",
      "resolved": "https://registry.npmmirror.com/undici-types/-/undici-types-6.21.0.tgz",
      "integrity": "sha512-iwDZqg0QAGrg9Rav5H4n0M64c3mkR59cJ6wQp+7C4nI0gsmExaedaYLNO44eT4AtBBwjbTiGPMlt2Md0T9H9JQ==",
      "dev": true,
      "license": "MIT"
    }
  }
}
